// !$*UTF8*$!
{
	archiveVersion = 1;
	classes = {
	};
	objectVersion = 46;
	objects = {

/* Begin PBXBuildFile section */
		01021A851445053D002C3F59 /* NewItemViewController.m in Sources */ = {isa = PBXBuildFile; fileRef = 01021A841445053D002C3F59 /* NewItemViewController.m */; };
		01021A9314452D7A002C3F59 /* AsyncImageView.m in Sources */ = {isa = PBXBuildFile; fileRef = 01021A9214452D7A002C3F59 /* AsyncImageView.m */; };
		01B666FD14441D1C00CD4821 /* UIKit.framework in Frameworks */ = {isa = PBXBuildFile; fileRef = 01B666FC14441D1C00CD4821 /* UIKit.framework */; };
		01B666FF14441D1C00CD4821 /* Foundation.framework in Frameworks */ = {isa = PBXBuildFile; fileRef = 01B666FE14441D1C00CD4821 /* Foundation.framework */; };
		01B6670114441D1C00CD4821 /* CoreGraphics.framework in Frameworks */ = {isa = PBXBuildFile; fileRef = 01B6670014441D1C00CD4821 /* CoreGraphics.framework */; };
		01B6670714441D1C00CD4821 /* InfoPlist.strings in Resources */ = {isa = PBXBuildFile; fileRef = 01B6670514441D1C00CD4821 /* InfoPlist.strings */; };
		01B6670914441D1C00CD4821 /* main.m in Sources */ = {isa = PBXBuildFile; fileRef = 01B6670814441D1C00CD4821 /* main.m */; };
		01B6670D14441D1C00CD4821 /* BobsBurgersAppDelegate.m in Sources */ = {isa = PBXBuildFile; fileRef = 01B6670C14441D1C00CD4821 /* BobsBurgersAppDelegate.m */; };
		01B6671014441D1C00CD4821 /* MainWindow.xib in Resources */ = {isa = PBXBuildFile; fileRef = 01B6670E14441D1C00CD4821 /* MainWindow.xib */; };
		01B6671814441D1D00CD4821 /* SenTestingKit.framework in Frameworks */ = {isa = PBXBuildFile; fileRef = 01B6671714441D1C00CD4821 /* SenTestingKit.framework */; };
		01B6671914441D1D00CD4821 /* UIKit.framework in Frameworks */ = {isa = PBXBuildFile; fileRef = 01B666FC14441D1C00CD4821 /* UIKit.framework */; };
		01B6671A14441D1D00CD4821 /* Foundation.framework in Frameworks */ = {isa = PBXBuildFile; fileRef = 01B666FE14441D1C00CD4821 /* Foundation.framework */; };
		01B6671B14441D1D00CD4821 /* CoreGraphics.framework in Frameworks */ = {isa = PBXBuildFile; fileRef = 01B6670014441D1C00CD4821 /* CoreGraphics.framework */; };
		01B6672314441D1D00CD4821 /* InfoPlist.strings in Resources */ = {isa = PBXBuildFile; fileRef = 01B6672114441D1D00CD4821 /* InfoPlist.strings */; };
		01B6672514441D1D00CD4821 /* BobsBurgersTests.h in Resources */ = {isa = PBXBuildFile; fileRef = 01B6672414441D1D00CD4821 /* BobsBurgersTests.h */; };
		01B6672714441D1D00CD4821 /* BobsBurgersTests.m in Sources */ = {isa = PBXBuildFile; fileRef = 01B6672614441D1D00CD4821 /* BobsBurgersTests.m */; };
		01B66735144420DB00CD4821 /* WelcomeViewController.m in Sources */ = {isa = PBXBuildFile; fileRef = 01B66734144420DB00CD4821 /* WelcomeViewController.m */; };
		01B66782144491E300CD4821 /* ChooseLocationViewController.m in Sources */ = {isa = PBXBuildFile; fileRef = 01B66781144491E300CD4821 /* ChooseLocationViewController.m */; };
		01B667851444928F00CD4821 /* GroupedTableViewController.m in Sources */ = {isa = PBXBuildFile; fileRef = 01B667841444928F00CD4821 /* GroupedTableViewController.m */; };
		01B6678814449A1200CD4821 /* MenuViewController.m in Sources */ = {isa = PBXBuildFile; fileRef = 01B6678714449A1100CD4821 /* MenuViewController.m */; };
		01B667A81444B4CF00CD4821 /* ASIAuthenticationDialog.m in Sources */ = {isa = PBXBuildFile; fileRef = 01B667951444B4CF00CD4821 /* ASIAuthenticationDialog.m */; };
		01B667A91444B4CF00CD4821 /* ASIDataCompressor.m in Sources */ = {isa = PBXBuildFile; fileRef = 01B667981444B4CF00CD4821 /* ASIDataCompressor.m */; };
		01B667AA1444B4CF00CD4821 /* ASIDataDecompressor.m in Sources */ = {isa = PBXBuildFile; fileRef = 01B6679A1444B4CF00CD4821 /* ASIDataDecompressor.m */; };
		01B667AB1444B4CF00CD4821 /* ASIDownloadCache.m in Sources */ = {isa = PBXBuildFile; fileRef = 01B6679C1444B4CF00CD4821 /* ASIDownloadCache.m */; };
		01B667AC1444B4CF00CD4821 /* ASIFormDataRequest.m in Sources */ = {isa = PBXBuildFile; fileRef = 01B6679E1444B4CF00CD4821 /* ASIFormDataRequest.m */; };
		01B667AD1444B4CF00CD4821 /* ASIHTTPRequest.m in Sources */ = {isa = PBXBuildFile; fileRef = 01B667A01444B4CF00CD4821 /* ASIHTTPRequest.m */; };
		01B667AE1444B4CF00CD4821 /* ASIInputStream.m in Sources */ = {isa = PBXBuildFile; fileRef = 01B667A41444B4CF00CD4821 /* ASIInputStream.m */; };
		01B667AF1444B4CF00CD4821 /* ASINetworkQueue.m in Sources */ = {isa = PBXBuildFile; fileRef = 01B667A61444B4CF00CD4821 /* ASINetworkQueue.m */; };
		01B667B21444B4E000CD4821 /* Reachability.m in Sources */ = {isa = PBXBuildFile; fileRef = 01B667B11444B4E000CD4821 /* Reachability.m */; };
		01B667B41444B4F800CD4821 /* CFNetwork.framework in Frameworks */ = {isa = PBXBuildFile; fileRef = 01B667B31444B4F800CD4821 /* CFNetwork.framework */; };
		01B667B61444B50100CD4821 /* SystemConfiguration.framework in Frameworks */ = {isa = PBXBuildFile; fileRef = 01B667B51444B50100CD4821 /* SystemConfiguration.framework */; };
		01B667B81444B51100CD4821 /* MobileCoreServices.framework in Frameworks */ = {isa = PBXBuildFile; fileRef = 01B667B71444B51100CD4821 /* MobileCoreServices.framework */; };
		01B667BB1444B51E00CD4821 /* libz.dylib in Frameworks */ = {isa = PBXBuildFile; fileRef = 01B667BA1444B51E00CD4821 /* libz.dylib */; };
		01B667D61444BA9500CD4821 /* NSObject+SBJson.m in Sources */ = {isa = PBXBuildFile; fileRef = 01B667BE1444BA9500CD4821 /* NSObject+SBJson.m */; };
		01B667D71444BA9500CD4821 /* SBJsonParser.m in Sources */ = {isa = PBXBuildFile; fileRef = 01B667C11444BA9500CD4821 /* SBJsonParser.m */; };
		01B667D81444BA9500CD4821 /* SBJsonStreamParser.m in Sources */ = {isa = PBXBuildFile; fileRef = 01B667C31444BA9500CD4821 /* SBJsonStreamParser.m */; };
		01B667D91444BA9500CD4821 /* SBJsonStreamParserAccumulator.m in Sources */ = {isa = PBXBuildFile; fileRef = 01B667C51444BA9500CD4821 /* SBJsonStreamParserAccumulator.m */; };
		01B667DA1444BA9500CD4821 /* SBJsonStreamParserAdapter.m in Sources */ = {isa = PBXBuildFile; fileRef = 01B667C71444BA9500CD4821 /* SBJsonStreamParserAdapter.m */; };
		01B667DB1444BA9500CD4821 /* SBJsonStreamParserState.m in Sources */ = {isa = PBXBuildFile; fileRef = 01B667C91444BA9500CD4821 /* SBJsonStreamParserState.m */; };
		01B667DC1444BA9500CD4821 /* SBJsonStreamWriter.m in Sources */ = {isa = PBXBuildFile; fileRef = 01B667CB1444BA9500CD4821 /* SBJsonStreamWriter.m */; };
		01B667DD1444BA9500CD4821 /* SBJsonStreamWriterAccumulator.m in Sources */ = {isa = PBXBuildFile; fileRef = 01B667CD1444BA9500CD4821 /* SBJsonStreamWriterAccumulator.m */; };
		01B667DE1444BA9500CD4821 /* SBJsonStreamWriterState.m in Sources */ = {isa = PBXBuildFile; fileRef = 01B667CF1444BA9500CD4821 /* SBJsonStreamWriterState.m */; };
		01B667DF1444BA9500CD4821 /* SBJsonTokeniser.m in Sources */ = {isa = PBXBuildFile; fileRef = 01B667D11444BA9500CD4821 /* SBJsonTokeniser.m */; };
		01B667E01444BA9500CD4821 /* SBJsonUTF8Stream.m in Sources */ = {isa = PBXBuildFile; fileRef = 01B667D31444BA9500CD4821 /* SBJsonUTF8Stream.m */; };
		01B667E11444BA9500CD4821 /* SBJsonWriter.m in Sources */ = {isa = PBXBuildFile; fileRef = 01B667D51444BA9500CD4821 /* SBJsonWriter.m */; };
/* End PBXBuildFile section */

/* Begin PBXContainerItemProxy section */
		01B6671C14441D1D00CD4821 /* PBXContainerItemProxy */ = {
			isa = PBXContainerItemProxy;
			containerPortal = 01B666EF14441D1C00CD4821 /* Project object */;
			proxyType = 1;
			remoteGlobalIDString = 01B666F714441D1C00CD4821;
			remoteInfo = BobsBurgers;
		};
/* End PBXContainerItemProxy section */

/* Begin PBXFileReference section */
		01021A831445053D002C3F59 /* NewItemViewController.h */ = {isa = PBXFileReference; fileEncoding = 4; lastKnownFileType = sourcecode.c.h; path = NewItemViewController.h; sourceTree = "<group>"; };
		01021A841445053D002C3F59 /* NewItemViewController.m */ = {isa = PBXFileReference; fileEncoding = 4; lastKnownFileType = sourcecode.c.objc; path = NewItemViewController.m; sourceTree = "<group>"; };
		01021A9114452D79002C3F59 /* AsyncImageView.h */ = {isa = PBXFileReference; fileEncoding = 4; lastKnownFileType = sourcecode.c.h; path = AsyncImageView.h; sourceTree = "<group>"; };
		01021A9214452D7A002C3F59 /* AsyncImageView.m */ = {isa = PBXFileReference; fileEncoding = 4; lastKnownFileType = sourcecode.c.objc; path = AsyncImageView.m; sourceTree = "<group>"; };
		01B666F814441D1C00CD4821 /* BobsBurgers.app */ = {isa = PBXFileReference; explicitFileType = wrapper.application; includeInIndex = 0; path = BobsBurgers.app; sourceTree = BUILT_PRODUCTS_DIR; };
		01B666FC14441D1C00CD4821 /* UIKit.framework */ = {isa = PBXFileReference; lastKnownFileType = wrapper.framework; name = UIKit.framework; path = System/Library/Frameworks/UIKit.framework; sourceTree = SDKROOT; };
		01B666FE14441D1C00CD4821 /* Foundation.framework */ = {isa = PBXFileReference; lastKnownFileType = wrapper.framework; name = Foundation.framework; path = System/Library/Frameworks/Foundation.framework; sourceTree = SDKROOT; };
		01B6670014441D1C00CD4821 /* CoreGraphics.framework */ = {isa = PBXFileReference; lastKnownFileType = wrapper.framework; name = CoreGraphics.framework; path = System/Library/Frameworks/CoreGraphics.framework; sourceTree = SDKROOT; };
		01B6670414441D1C00CD4821 /* BobsBurgers-Info.plist */ = {isa = PBXFileReference; lastKnownFileType = text.plist.xml; path = "BobsBurgers-Info.plist"; sourceTree = "<group>"; };
		01B6670614441D1C00CD4821 /* en */ = {isa = PBXFileReference; lastKnownFileType = text.plist.strings; name = en; path = en.lproj/InfoPlist.strings; sourceTree = "<group>"; };
		01B6670814441D1C00CD4821 /* main.m */ = {isa = PBXFileReference; lastKnownFileType = sourcecode.c.objc; path = main.m; sourceTree = "<group>"; };
		01B6670A14441D1C00CD4821 /* BobsBurgers-Prefix.pch */ = {isa = PBXFileReference; lastKnownFileType = sourcecode.c.h; path = "BobsBurgers-Prefix.pch"; sourceTree = "<group>"; };
		01B6670B14441D1C00CD4821 /* BobsBurgersAppDelegate.h */ = {isa = PBXFileReference; lastKnownFileType = sourcecode.c.h; path = BobsBurgersAppDelegate.h; sourceTree = "<group>"; };
		01B6670C14441D1C00CD4821 /* BobsBurgersAppDelegate.m */ = {isa = PBXFileReference; lastKnownFileType = sourcecode.c.objc; path = BobsBurgersAppDelegate.m; sourceTree = "<group>"; };
		01B6670F14441D1C00CD4821 /* en */ = {isa = PBXFileReference; lastKnownFileType = file.xib; name = en; path = en.lproj/MainWindow.xib; sourceTree = "<group>"; };
		01B6671614441D1C00CD4821 /* BobsBurgersTests.octest */ = {isa = PBXFileReference; explicitFileType = wrapper.cfbundle; includeInIndex = 0; path = BobsBurgersTests.octest; sourceTree = BUILT_PRODUCTS_DIR; };
		01B6671714441D1C00CD4821 /* SenTestingKit.framework */ = {isa = PBXFileReference; lastKnownFileType = wrapper.framework; name = SenTestingKit.framework; path = Library/Frameworks/SenTestingKit.framework; sourceTree = DEVELOPER_DIR; };
		01B6672014441D1D00CD4821 /* BobsBurgersTests-Info.plist */ = {isa = PBXFileReference; lastKnownFileType = text.plist.xml; path = "BobsBurgersTests-Info.plist"; sourceTree = "<group>"; };
		01B6672214441D1D00CD4821 /* en */ = {isa = PBXFileReference; lastKnownFileType = text.plist.strings; name = en; path = en.lproj/InfoPlist.strings; sourceTree = "<group>"; };
		01B6672414441D1D00CD4821 /* BobsBurgersTests.h */ = {isa = PBXFileReference; lastKnownFileType = sourcecode.c.h; path = BobsBurgersTests.h; sourceTree = "<group>"; };
		01B6672614441D1D00CD4821 /* BobsBurgersTests.m */ = {isa = PBXFileReference; lastKnownFileType = sourcecode.c.objc; path = BobsBurgersTests.m; sourceTree = "<group>"; };
		01B66733144420DB00CD4821 /* WelcomeViewController.h */ = {isa = PBXFileReference; fileEncoding = 4; lastKnownFileType = sourcecode.c.h; path = WelcomeViewController.h; sourceTree = "<group>"; };
		01B66734144420DB00CD4821 /* WelcomeViewController.m */ = {isa = PBXFileReference; fileEncoding = 4; lastKnownFileType = sourcecode.c.objc; path = WelcomeViewController.m; sourceTree = "<group>"; };
		01B6677F144424B200CD4821 /* MainDelegate.h */ = {isa = PBXFileReference; fileEncoding = 4; lastKnownFileType = sourcecode.c.h; path = MainDelegate.h; sourceTree = "<group>"; };
		01B66780144491E300CD4821 /* ChooseLocationViewController.h */ = {isa = PBXFileReference; fileEncoding = 4; lastKnownFileType = sourcecode.c.h; path = ChooseLocationViewController.h; sourceTree = "<group>"; };
		01B66781144491E300CD4821 /* ChooseLocationViewController.m */ = {isa = PBXFileReference; fileEncoding = 4; lastKnownFileType = sourcecode.c.objc; path = ChooseLocationViewController.m; sourceTree = "<group>"; };
		01B667831444928F00CD4821 /* GroupedTableViewController.h */ = {isa = PBXFileReference; fileEncoding = 4; lastKnownFileType = sourcecode.c.h; path = GroupedTableViewController.h; sourceTree = "<group>"; };
		01B667841444928F00CD4821 /* GroupedTableViewController.m */ = {isa = PBXFileReference; fileEncoding = 4; lastKnownFileType = sourcecode.c.objc; path = GroupedTableViewController.m; sourceTree = "<group>"; };
		01B6678614449A1100CD4821 /* MenuViewController.h */ = {isa = PBXFileReference; fileEncoding = 4; lastKnownFileType = sourcecode.c.h; path = MenuViewController.h; sourceTree = "<group>"; };
		01B6678714449A1100CD4821 /* MenuViewController.m */ = {isa = PBXFileReference; fileEncoding = 4; lastKnownFileType = sourcecode.c.objc; path = MenuViewController.m; sourceTree = "<group>"; };
		01B667941444B4CF00CD4821 /* ASIAuthenticationDialog.h */ = {isa = PBXFileReference; fileEncoding = 4; lastKnownFileType = sourcecode.c.h; path = ASIAuthenticationDialog.h; sourceTree = "<group>"; };
		01B667951444B4CF00CD4821 /* ASIAuthenticationDialog.m */ = {isa = PBXFileReference; fileEncoding = 4; lastKnownFileType = sourcecode.c.objc; path = ASIAuthenticationDialog.m; sourceTree = "<group>"; };
		01B667961444B4CF00CD4821 /* ASICacheDelegate.h */ = {isa = PBXFileReference; fileEncoding = 4; lastKnownFileType = sourcecode.c.h; path = ASICacheDelegate.h; sourceTree = "<group>"; };
		01B667971444B4CF00CD4821 /* ASIDataCompressor.h */ = {isa = PBXFileReference; fileEncoding = 4; lastKnownFileType = sourcecode.c.h; path = ASIDataCompressor.h; sourceTree = "<group>"; };
		01B667981444B4CF00CD4821 /* ASIDataCompressor.m */ = {isa = PBXFileReference; fileEncoding = 4; lastKnownFileType = sourcecode.c.objc; path = ASIDataCompressor.m; sourceTree = "<group>"; };
		01B667991444B4CF00CD4821 /* ASIDataDecompressor.h */ = {isa = PBXFileReference; fileEncoding = 4; lastKnownFileType = sourcecode.c.h; path = ASIDataDecompressor.h; sourceTree = "<group>"; };
		01B6679A1444B4CF00CD4821 /* ASIDataDecompressor.m */ = {isa = PBXFileReference; fileEncoding = 4; lastKnownFileType = sourcecode.c.objc; path = ASIDataDecompressor.m; sourceTree = "<group>"; };
		01B6679B1444B4CF00CD4821 /* ASIDownloadCache.h */ = {isa = PBXFileReference; fileEncoding = 4; lastKnownFileType = sourcecode.c.h; path = ASIDownloadCache.h; sourceTree = "<group>"; };
		01B6679C1444B4CF00CD4821 /* ASIDownloadCache.m */ = {isa = PBXFileReference; fileEncoding = 4; lastKnownFileType = sourcecode.c.objc; path = ASIDownloadCache.m; sourceTree = "<group>"; };
		01B6679D1444B4CF00CD4821 /* ASIFormDataRequest.h */ = {isa = PBXFileReference; fileEncoding = 4; lastKnownFileType = sourcecode.c.h; path = ASIFormDataRequest.h; sourceTree = "<group>"; };
		01B6679E1444B4CF00CD4821 /* ASIFormDataRequest.m */ = {isa = PBXFileReference; fileEncoding = 4; lastKnownFileType = sourcecode.c.objc; path = ASIFormDataRequest.m; sourceTree = "<group>"; };
		01B6679F1444B4CF00CD4821 /* ASIHTTPRequest.h */ = {isa = PBXFileReference; fileEncoding = 4; lastKnownFileType = sourcecode.c.h; path = ASIHTTPRequest.h; sourceTree = "<group>"; };
		01B667A01444B4CF00CD4821 /* ASIHTTPRequest.m */ = {isa = PBXFileReference; fileEncoding = 4; lastKnownFileType = sourcecode.c.objc; path = ASIHTTPRequest.m; sourceTree = "<group>"; };
		01B667A11444B4CF00CD4821 /* ASIHTTPRequestConfig.h */ = {isa = PBXFileReference; fileEncoding = 4; lastKnownFileType = sourcecode.c.h; path = ASIHTTPRequestConfig.h; sourceTree = "<group>"; };
		01B667A21444B4CF00CD4821 /* ASIHTTPRequestDelegate.h */ = {isa = PBXFileReference; fileEncoding = 4; lastKnownFileType = sourcecode.c.h; path = ASIHTTPRequestDelegate.h; sourceTree = "<group>"; };
		01B667A31444B4CF00CD4821 /* ASIInputStream.h */ = {isa = PBXFileReference; fileEncoding = 4; lastKnownFileType = sourcecode.c.h; path = ASIInputStream.h; sourceTree = "<group>"; };
		01B667A41444B4CF00CD4821 /* ASIInputStream.m */ = {isa = PBXFileReference; fileEncoding = 4; lastKnownFileType = sourcecode.c.objc; path = ASIInputStream.m; sourceTree = "<group>"; };
		01B667A51444B4CF00CD4821 /* ASINetworkQueue.h */ = {isa = PBXFileReference; fileEncoding = 4; lastKnownFileType = sourcecode.c.h; path = ASINetworkQueue.h; sourceTree = "<group>"; };
		01B667A61444B4CF00CD4821 /* ASINetworkQueue.m */ = {isa = PBXFileReference; fileEncoding = 4; lastKnownFileType = sourcecode.c.objc; path = ASINetworkQueue.m; sourceTree = "<group>"; };
		01B667A71444B4CF00CD4821 /* ASIProgressDelegate.h */ = {isa = PBXFileReference; fileEncoding = 4; lastKnownFileType = sourcecode.c.h; path = ASIProgressDelegate.h; sourceTree = "<group>"; };
		01B667B01444B4E000CD4821 /* Reachability.h */ = {isa = PBXFileReference; fileEncoding = 4; lastKnownFileType = sourcecode.c.h; path = Reachability.h; sourceTree = "<group>"; };
		01B667B11444B4E000CD4821 /* Reachability.m */ = {isa = PBXFileReference; fileEncoding = 4; lastKnownFileType = sourcecode.c.objc; path = Reachability.m; sourceTree = "<group>"; };
		01B667B31444B4F800CD4821 /* CFNetwork.framework */ = {isa = PBXFileReference; lastKnownFileType = wrapper.framework; name = CFNetwork.framework; path = System/Library/Frameworks/CFNetwork.framework; sourceTree = SDKROOT; };
		01B667B51444B50100CD4821 /* SystemConfiguration.framework */ = {isa = PBXFileReference; lastKnownFileType = wrapper.framework; name = SystemConfiguration.framework; path = System/Library/Frameworks/SystemConfiguration.framework; sourceTree = SDKROOT; };
		01B667B71444B51100CD4821 /* MobileCoreServices.framework */ = {isa = PBXFileReference; lastKnownFileType = wrapper.framework; name = MobileCoreServices.framework; path = System/Library/Frameworks/MobileCoreServices.framework; sourceTree = SDKROOT; };
		01B667B91444B51800CD4821 /* CoreGraphics.framework */ = {isa = PBXFileReference; lastKnownFileType = wrapper.framework; name = CoreGraphics.framework; path = System/Library/Frameworks/CoreGraphics.framework; sourceTree = SDKROOT; };
		01B667BA1444B51E00CD4821 /* libz.dylib */ = {isa = PBXFileReference; lastKnownFileType = "compiled.mach-o.dylib"; name = libz.dylib; path = usr/lib/libz.dylib; sourceTree = SDKROOT; };
		01B667BD1444BA9500CD4821 /* NSObject+SBJson.h */ = {isa = PBXFileReference; fileEncoding = 4; lastKnownFileType = sourcecode.c.h; name = "NSObject+SBJson.h"; path = "../../../Downloads/stig-json-framework-25dcf41 2/Classes/NSObject+SBJson.h"; sourceTree = "<group>"; };
		01B667BE1444BA9500CD4821 /* NSObject+SBJson.m */ = {isa = PBXFileReference; fileEncoding = 4; lastKnownFileType = sourcecode.c.objc; name = "NSObject+SBJson.m"; path = "../../../Downloads/stig-json-framework-25dcf41 2/Classes/NSObject+SBJson.m"; sourceTree = "<group>"; };
		01B667BF1444BA9500CD4821 /* SBJson.h */ = {isa = PBXFileReference; fileEncoding = 4; lastKnownFileType = sourcecode.c.h; name = SBJson.h; path = "../../../Downloads/stig-json-framework-25dcf41 2/Classes/SBJson.h"; sourceTree = "<group>"; };
		01B667C01444BA9500CD4821 /* SBJsonParser.h */ = {isa = PBXFileReference; fileEncoding = 4; lastKnownFileType = sourcecode.c.h; name = SBJsonParser.h; path = "../../../Downloads/stig-json-framework-25dcf41 2/Classes/SBJsonParser.h"; sourceTree = "<group>"; };
		01B667C11444BA9500CD4821 /* SBJsonParser.m */ = {isa = PBXFileReference; fileEncoding = 4; lastKnownFileType = sourcecode.c.objc; name = SBJsonParser.m; path = "../../../Downloads/stig-json-framework-25dcf41 2/Classes/SBJsonParser.m"; sourceTree = "<group>"; };
		01B667C21444BA9500CD4821 /* SBJsonStreamParser.h */ = {isa = PBXFileReference; fileEncoding = 4; lastKnownFileType = sourcecode.c.h; name = SBJsonStreamParser.h; path = "../../../Downloads/stig-json-framework-25dcf41 2/Classes/SBJsonStreamParser.h"; sourceTree = "<group>"; };
		01B667C31444BA9500CD4821 /* SBJsonStreamParser.m */ = {isa = PBXFileReference; fileEncoding = 4; lastKnownFileType = sourcecode.c.objc; name = SBJsonStreamParser.m; path = "../../../Downloads/stig-json-framework-25dcf41 2/Classes/SBJsonStreamParser.m"; sourceTree = "<group>"; };
		01B667C41444BA9500CD4821 /* SBJsonStreamParserAccumulator.h */ = {isa = PBXFileReference; fileEncoding = 4; lastKnownFileType = sourcecode.c.h; name = SBJsonStreamParserAccumulator.h; path = "../../../Downloads/stig-json-framework-25dcf41 2/Classes/SBJsonStreamParserAccumulator.h"; sourceTree = "<group>"; };
		01B667C51444BA9500CD4821 /* SBJsonStreamParserAccumulator.m */ = {isa = PBXFileReference; fileEncoding = 4; lastKnownFileType = sourcecode.c.objc; name = SBJsonStreamParserAccumulator.m; path = "../../../Downloads/stig-json-framework-25dcf41 2/Classes/SBJsonStreamParserAccumulator.m"; sourceTree = "<group>"; };
		01B667C61444BA9500CD4821 /* SBJsonStreamParserAdapter.h */ = {isa = PBXFileReference; fileEncoding = 4; lastKnownFileType = sourcecode.c.h; name = SBJsonStreamParserAdapter.h; path = "../../../Downloads/stig-json-framework-25dcf41 2/Classes/SBJsonStreamParserAdapter.h"; sourceTree = "<group>"; };
		01B667C71444BA9500CD4821 /* SBJsonStreamParserAdapter.m */ = {isa = PBXFileReference; fileEncoding = 4; lastKnownFileType = sourcecode.c.objc; name = SBJsonStreamParserAdapter.m; path = "../../../Downloads/stig-json-framework-25dcf41 2/Classes/SBJsonStreamParserAdapter.m"; sourceTree = "<group>"; };
		01B667C81444BA9500CD4821 /* SBJsonStreamParserState.h */ = {isa = PBXFileReference; fileEncoding = 4; lastKnownFileType = sourcecode.c.h; name = SBJsonStreamParserState.h; path = "../../../Downloads/stig-json-framework-25dcf41 2/Classes/SBJsonStreamParserState.h"; sourceTree = "<group>"; };
		01B667C91444BA9500CD4821 /* SBJsonStreamParserState.m */ = {isa = PBXFileReference; fileEncoding = 4; lastKnownFileType = sourcecode.c.objc; name = SBJsonStreamParserState.m; path = "../../../Downloads/stig-json-framework-25dcf41 2/Classes/SBJsonStreamParserState.m"; sourceTree = "<group>"; };
		01B667CA1444BA9500CD4821 /* SBJsonStreamWriter.h */ = {isa = PBXFileReference; fileEncoding = 4; lastKnownFileType = sourcecode.c.h; name = SBJsonStreamWriter.h; path = "../../../Downloads/stig-json-framework-25dcf41 2/Classes/SBJsonStreamWriter.h"; sourceTree = "<group>"; };
		01B667CB1444BA9500CD4821 /* SBJsonStreamWriter.m */ = {isa = PBXFileReference; fileEncoding = 4; lastKnownFileType = sourcecode.c.objc; name = SBJsonStreamWriter.m; path = "../../../Downloads/stig-json-framework-25dcf41 2/Classes/SBJsonStreamWriter.m"; sourceTree = "<group>"; };
		01B667CC1444BA9500CD4821 /* SBJsonStreamWriterAccumulator.h */ = {isa = PBXFileReference; fileEncoding = 4; lastKnownFileType = sourcecode.c.h; name = SBJsonStreamWriterAccumulator.h; path = "../../../Downloads/stig-json-framework-25dcf41 2/Classes/SBJsonStreamWriterAccumulator.h"; sourceTree = "<group>"; };
		01B667CD1444BA9500CD4821 /* SBJsonStreamWriterAccumulator.m */ = {isa = PBXFileReference; fileEncoding = 4; lastKnownFileType = sourcecode.c.objc; name = SBJsonStreamWriterAccumulator.m; path = "../../../Downloads/stig-json-framework-25dcf41 2/Classes/SBJsonStreamWriterAccumulator.m"; sourceTree = "<group>"; };
		01B667CE1444BA9500CD4821 /* SBJsonStreamWriterState.h */ = {isa = PBXFileReference; fileEncoding = 4; lastKnownFileType = sourcecode.c.h; name = SBJsonStreamWriterState.h; path = "../../../Downloads/stig-json-framework-25dcf41 2/Classes/SBJsonStreamWriterState.h"; sourceTree = "<group>"; };
		01B667CF1444BA9500CD4821 /* SBJsonStreamWriterState.m */ = {isa = PBXFileReference; fileEncoding = 4; lastKnownFileType = sourcecode.c.objc; name = SBJsonStreamWriterState.m; path = "../../../Downloads/stig-json-framework-25dcf41 2/Classes/SBJsonStreamWriterState.m"; sourceTree = "<group>"; };
		01B667D01444BA9500CD4821 /* SBJsonTokeniser.h */ = {isa = PBXFileReference; fileEncoding = 4; lastKnownFileType = sourcecode.c.h; name = SBJsonTokeniser.h; path = "../../../Downloads/stig-json-framework-25dcf41 2/Classes/SBJsonTokeniser.h"; sourceTree = "<group>"; };
		01B667D11444BA9500CD4821 /* SBJsonTokeniser.m */ = {isa = PBXFileReference; fileEncoding = 4; lastKnownFileType = sourcecode.c.objc; name = SBJsonTokeniser.m; path = "../../../Downloads/stig-json-framework-25dcf41 2/Classes/SBJsonTokeniser.m"; sourceTree = "<group>"; };
		01B667D21444BA9500CD4821 /* SBJsonUTF8Stream.h */ = {isa = PBXFileReference; fileEncoding = 4; lastKnownFileType = sourcecode.c.h; name = SBJsonUTF8Stream.h; path = "../../../Downloads/stig-json-framework-25dcf41 2/Classes/SBJsonUTF8Stream.h"; sourceTree = "<group>"; };
		01B667D31444BA9500CD4821 /* SBJsonUTF8Stream.m */ = {isa = PBXFileReference; fileEncoding = 4; lastKnownFileType = sourcecode.c.objc; name = SBJsonUTF8Stream.m; path = "../../../Downloads/stig-json-framework-25dcf41 2/Classes/SBJsonUTF8Stream.m"; sourceTree = "<group>"; };
		01B667D41444BA9500CD4821 /* SBJsonWriter.h */ = {isa = PBXFileReference; fileEncoding = 4; lastKnownFileType = sourcecode.c.h; name = SBJsonWriter.h; path = "../../../Downloads/stig-json-framework-25dcf41 2/Classes/SBJsonWriter.h"; sourceTree = "<group>"; };
		01B667D51444BA9500CD4821 /* SBJsonWriter.m */ = {isa = PBXFileReference; fileEncoding = 4; lastKnownFileType = sourcecode.c.objc; name = SBJsonWriter.m; path = "../../../Downloads/stig-json-framework-25dcf41 2/Classes/SBJsonWriter.m"; sourceTree = "<group>"; };
/* End PBXFileReference section */

/* Begin PBXFrameworksBuildPhase section */
		01B666F514441D1C00CD4821 /* Frameworks */ = {
			isa = PBXFrameworksBuildPhase;
			buildActionMask = 2147483647;
			files = (
				01B667BB1444B51E00CD4821 /* libz.dylib in Frameworks */,
				01B6670114441D1C00CD4821 /* CoreGraphics.framework in Frameworks */,
				01B667B81444B51100CD4821 /* MobileCoreServices.framework in Frameworks */,
				01B667B61444B50100CD4821 /* SystemConfiguration.framework in Frameworks */,
				01B667B41444B4F800CD4821 /* CFNetwork.framework in Frameworks */,
				01B666FD14441D1C00CD4821 /* UIKit.framework in Frameworks */,
				01B666FF14441D1C00CD4821 /* Foundation.framework in Frameworks */,
			);
			runOnlyForDeploymentPostprocessing = 0;
		};
		01B6671214441D1C00CD4821 /* Frameworks */ = {
			isa = PBXFrameworksBuildPhase;
			buildActionMask = 2147483647;
			files = (
				01B6671814441D1D00CD4821 /* SenTestingKit.framework in Frameworks */,
				01B6671914441D1D00CD4821 /* UIKit.framework in Frameworks */,
				01B6671A14441D1D00CD4821 /* Foundation.framework in Frameworks */,
				01B6671B14441D1D00CD4821 /* CoreGraphics.framework in Frameworks */,
			);
			runOnlyForDeploymentPostprocessing = 0;
		};
/* End PBXFrameworksBuildPhase section */

/* Begin PBXGroup section */
		01B666ED14441D1C00CD4821 = {
			isa = PBXGroup;
			children = (
				01B667BC1444BA5F00CD4821 /* SBJSON */,
				01B667931444B4A900CD4821 /* ASIHttpRequest */,
				01B6670214441D1C00CD4821 /* BobsBurgers */,
				01B6671E14441D1D00CD4821 /* BobsBurgersTests */,
				01B666FB14441D1C00CD4821 /* Frameworks */,
				01B666F914441D1C00CD4821 /* Products */,
			);
			sourceTree = "<group>";
		};
		01B666F914441D1C00CD4821 /* Products */ = {
			isa = PBXGroup;
			children = (
				01B666F814441D1C00CD4821 /* BobsBurgers.app */,
				01B6671614441D1C00CD4821 /* BobsBurgersTests.octest */,
			);
			name = Products;
			sourceTree = "<group>";
		};
		01B666FB14441D1C00CD4821 /* Frameworks */ = {
			isa = PBXGroup;
			children = (
				01B667BA1444B51E00CD4821 /* libz.dylib */,
				01B667B91444B51800CD4821 /* CoreGraphics.framework */,
				01B667B71444B51100CD4821 /* MobileCoreServices.framework */,
				01B667B51444B50100CD4821 /* SystemConfiguration.framework */,
				01B667B31444B4F800CD4821 /* CFNetwork.framework */,
				01B666FC14441D1C00CD4821 /* UIKit.framework */,
				01B666FE14441D1C00CD4821 /* Foundation.framework */,
				01B6670014441D1C00CD4821 /* CoreGraphics.framework */,
				01B6671714441D1C00CD4821 /* SenTestingKit.framework */,
			);
			name = Frameworks;
			sourceTree = "<group>";
		};
		01B6670214441D1C00CD4821 /* BobsBurgers */ = {
			isa = PBXGroup;
			children = (
				01B6670B14441D1C00CD4821 /* BobsBurgersAppDelegate.h */,
				01B6670C14441D1C00CD4821 /* BobsBurgersAppDelegate.m */,
				01021A9114452D79002C3F59 /* AsyncImageView.h */,
				01021A9214452D7A002C3F59 /* AsyncImageView.m */,
				01B6677F144424B200CD4821 /* MainDelegate.h */,
				01B66733144420DB00CD4821 /* WelcomeViewController.h */,
				01B66734144420DB00CD4821 /* WelcomeViewController.m */,
				01B66780144491E300CD4821 /* ChooseLocationViewController.h */,
				01B66781144491E300CD4821 /* ChooseLocationViewController.m */,
				01B6678614449A1100CD4821 /* MenuViewController.h */,
				01B6678714449A1100CD4821 /* MenuViewController.m */,
				01B667831444928F00CD4821 /* GroupedTableViewController.h */,
				01B667841444928F00CD4821 /* GroupedTableViewController.m */,
				01021A831445053D002C3F59 /* NewItemViewController.h */,
				01021A841445053D002C3F59 /* NewItemViewController.m */,
				01B6670E14441D1C00CD4821 /* MainWindow.xib */,
				01B6670314441D1C00CD4821 /* Supporting Files */,
			);
			path = BobsBurgers;
			sourceTree = "<group>";
		};
		01B6670314441D1C00CD4821 /* Supporting Files */ = {
			isa = PBXGroup;
			children = (
				01B6670414441D1C00CD4821 /* BobsBurgers-Info.plist */,
				01B6670514441D1C00CD4821 /* InfoPlist.strings */,
				01B6670814441D1C00CD4821 /* main.m */,
				01B6670A14441D1C00CD4821 /* BobsBurgers-Prefix.pch */,
			);
			name = "Supporting Files";
			sourceTree = "<group>";
		};
		01B6671E14441D1D00CD4821 /* BobsBurgersTests */ = {
			isa = PBXGroup;
			children = (
				01B6672414441D1D00CD4821 /* BobsBurgersTests.h */,
				01B6672614441D1D00CD4821 /* BobsBurgersTests.m */,
				01B6671F14441D1D00CD4821 /* Supporting Files */,
			);
			path = BobsBurgersTests;
			sourceTree = "<group>";
		};
		01B6671F14441D1D00CD4821 /* Supporting Files */ = {
			isa = PBXGroup;
			children = (
				01B6672014441D1D00CD4821 /* BobsBurgersTests-Info.plist */,
				01B6672114441D1D00CD4821 /* InfoPlist.strings */,
			);
			name = "Supporting Files";
			sourceTree = "<group>";
		};
		01B667931444B4A900CD4821 /* ASIHttpRequest */ = {
			isa = PBXGroup;
			children = (
				01B667B01444B4E000CD4821 /* Reachability.h */,
				01B667B11444B4E000CD4821 /* Reachability.m */,
				01B667941444B4CF00CD4821 /* ASIAuthenticationDialog.h */,
				01B667951444B4CF00CD4821 /* ASIAuthenticationDialog.m */,
				01B667961444B4CF00CD4821 /* ASICacheDelegate.h */,
				01B667971444B4CF00CD4821 /* ASIDataCompressor.h */,
				01B667981444B4CF00CD4821 /* ASIDataCompressor.m */,
				01B667991444B4CF00CD4821 /* ASIDataDecompressor.h */,
				01B6679A1444B4CF00CD4821 /* ASIDataDecompressor.m */,
				01B6679B1444B4CF00CD4821 /* ASIDownloadCache.h */,
				01B6679C1444B4CF00CD4821 /* ASIDownloadCache.m */,
				01B6679D1444B4CF00CD4821 /* ASIFormDataRequest.h */,
				01B6679E1444B4CF00CD4821 /* ASIFormDataRequest.m */,
				01B6679F1444B4CF00CD4821 /* ASIHTTPRequest.h */,
				01B667A01444B4CF00CD4821 /* ASIHTTPRequest.m */,
				01B667A11444B4CF00CD4821 /* ASIHTTPRequestConfig.h */,
				01B667A21444B4CF00CD4821 /* ASIHTTPRequestDelegate.h */,
				01B667A31444B4CF00CD4821 /* ASIInputStream.h */,
				01B667A41444B4CF00CD4821 /* ASIInputStream.m */,
				01B667A51444B4CF00CD4821 /* ASINetworkQueue.h */,
				01B667A61444B4CF00CD4821 /* ASINetworkQueue.m */,
				01B667A71444B4CF00CD4821 /* ASIProgressDelegate.h */,
			);
			name = ASIHttpRequest;
			path = BobsBurgers;
			sourceTree = "<group>";
		};
		01B667BC1444BA5F00CD4821 /* SBJSON */ = {
			isa = PBXGroup;
			children = (
				01B667BD1444BA9500CD4821 /* NSObject+SBJson.h */,
				01B667BE1444BA9500CD4821 /* NSObject+SBJson.m */,
				01B667BF1444BA9500CD4821 /* SBJson.h */,
				01B667C01444BA9500CD4821 /* SBJsonParser.h */,
				01B667C11444BA9500CD4821 /* SBJsonParser.m */,
				01B667C21444BA9500CD4821 /* SBJsonStreamParser.h */,
				01B667C31444BA9500CD4821 /* SBJsonStreamParser.m */,
				01B667C41444BA9500CD4821 /* SBJsonStreamParserAccumulator.h */,
				01B667C51444BA9500CD4821 /* SBJsonStreamParserAccumulator.m */,
				01B667C61444BA9500CD4821 /* SBJsonStreamParserAdapter.h */,
				01B667C71444BA9500CD4821 /* SBJsonStreamParserAdapter.m */,
				01B667C81444BA9500CD4821 /* SBJsonStreamParserState.h */,
				01B667C91444BA9500CD4821 /* SBJsonStreamParserState.m */,
				01B667CA1444BA9500CD4821 /* SBJsonStreamWriter.h */,
				01B667CB1444BA9500CD4821 /* SBJsonStreamWriter.m */,
				01B667CC1444BA9500CD4821 /* SBJsonStreamWriterAccumulator.h */,
				01B667CD1444BA9500CD4821 /* SBJsonStreamWriterAccumulator.m */,
				01B667CE1444BA9500CD4821 /* SBJsonStreamWriterState.h */,
				01B667CF1444BA9500CD4821 /* SBJsonStreamWriterState.m */,
				01B667D01444BA9500CD4821 /* SBJsonTokeniser.h */,
				01B667D11444BA9500CD4821 /* SBJsonTokeniser.m */,
				01B667D21444BA9500CD4821 /* SBJsonUTF8Stream.h */,
				01B667D31444BA9500CD4821 /* SBJsonUTF8Stream.m */,
				01B667D41444BA9500CD4821 /* SBJsonWriter.h */,
				01B667D51444BA9500CD4821 /* SBJsonWriter.m */,
			);
			name = SBJSON;
			path = BobsBurgers;
			sourceTree = "<group>";
		};
/* End PBXGroup section */

/* Begin PBXNativeTarget section */
		01B666F714441D1C00CD4821 /* BobsBurgers */ = {
			isa = PBXNativeTarget;
			buildConfigurationList = 01B6672A14441D1D00CD4821 /* Build configuration list for PBXNativeTarget "BobsBurgers" */;
			buildPhases = (
				01B666F414441D1C00CD4821 /* Sources */,
				01B666F514441D1C00CD4821 /* Frameworks */,
				01B666F614441D1C00CD4821 /* Resources */,
			);
			buildRules = (
			);
			dependencies = (
			);
			name = BobsBurgers;
			productName = BobsBurgers;
			productReference = 01B666F814441D1C00CD4821 /* BobsBurgers.app */;
			productType = "com.apple.product-type.application";
		};
		01B6671514441D1C00CD4821 /* BobsBurgersTests */ = {
			isa = PBXNativeTarget;
			buildConfigurationList = 01B6672D14441D1D00CD4821 /* Build configuration list for PBXNativeTarget "BobsBurgersTests" */;
			buildPhases = (
				01B6671114441D1C00CD4821 /* Sources */,
				01B6671214441D1C00CD4821 /* Frameworks */,
				01B6671314441D1C00CD4821 /* Resources */,
				01B6671414441D1C00CD4821 /* ShellScript */,
			);
			buildRules = (
			);
			dependencies = (
				01B6671D14441D1D00CD4821 /* PBXTargetDependency */,
			);
			name = BobsBurgersTests;
			productName = BobsBurgersTests;
			productReference = 01B6671614441D1C00CD4821 /* BobsBurgersTests.octest */;
			productType = "com.apple.product-type.bundle";
		};
/* End PBXNativeTarget section */

/* Begin PBXProject section */
		01B666EF14441D1C00CD4821 /* Project object */ = {
			isa = PBXProject;
			buildConfigurationList = 01B666F214441D1C00CD4821 /* Build configuration list for PBXProject "BobsBurgers" */;
			compatibilityVersion = "Xcode 3.2";
			developmentRegion = English;
			hasScannedForEncodings = 0;
			knownRegions = (
				en,
			);
			mainGroup = 01B666ED14441D1C00CD4821;
			productRefGroup = 01B666F914441D1C00CD4821 /* Products */;
			projectDirPath = "";
			projectRoot = "";
			targets = (
				01B666F714441D1C00CD4821 /* BobsBurgers */,
				01B6671514441D1C00CD4821 /* BobsBurgersTests */,
			);
		};
/* End PBXProject section */

/* Begin PBXResourcesBuildPhase section */
		01B666F614441D1C00CD4821 /* Resources */ = {
			isa = PBXResourcesBuildPhase;
			buildActionMask = 2147483647;
			files = (
				01B6670714441D1C00CD4821 /* InfoPlist.strings in Resources */,
				01B6671014441D1C00CD4821 /* MainWindow.xib in Resources */,
			);
			runOnlyForDeploymentPostprocessing = 0;
		};
		01B6671314441D1C00CD4821 /* Resources */ = {
			isa = PBXResourcesBuildPhase;
			buildActionMask = 2147483647;
			files = (
				01B6672314441D1D00CD4821 /* InfoPlist.strings in Resources */,
				01B6672514441D1D00CD4821 /* BobsBurgersTests.h in Resources */,
			);
			runOnlyForDeploymentPostprocessing = 0;
		};
/* End PBXResourcesBuildPhase section */

/* Begin PBXShellScriptBuildPhase section */
		01B6671414441D1C00CD4821 /* ShellScript */ = {
			isa = PBXShellScriptBuildPhase;
			buildActionMask = 2147483647;
			files = (
			);
			inputPaths = (
			);
			outputPaths = (
			);
			runOnlyForDeploymentPostprocessing = 0;
			shellPath = /bin/sh;
			shellScript = "# Run the unit tests in this test bundle.\n\"${SYSTEM_DEVELOPER_DIR}/Tools/RunUnitTests\"\n";
		};
/* End PBXShellScriptBuildPhase section */

/* Begin PBXSourcesBuildPhase section */
		01B666F414441D1C00CD4821 /* Sources */ = {
			isa = PBXSourcesBuildPhase;
			buildActionMask = 2147483647;
			files = (
				01B6670914441D1C00CD4821 /* main.m in Sources */,
				01B6670D14441D1C00CD4821 /* BobsBurgersAppDelegate.m in Sources */,
				01B66735144420DB00CD4821 /* WelcomeViewController.m in Sources */,
				01B66782144491E300CD4821 /* ChooseLocationViewController.m in Sources */,
				01B667851444928F00CD4821 /* GroupedTableViewController.m in Sources */,
				01B6678814449A1200CD4821 /* MenuViewController.m in Sources */,
				01B667A81444B4CF00CD4821 /* ASIAuthenticationDialog.m in Sources */,
				01B667A91444B4CF00CD4821 /* ASIDataCompressor.m in Sources */,
				01B667AA1444B4CF00CD4821 /* ASIDataDecompressor.m in Sources */,
				01B667AB1444B4CF00CD4821 /* ASIDownloadCache.m in Sources */,
				01B667AC1444B4CF00CD4821 /* ASIFormDataRequest.m in Sources */,
				01B667AD1444B4CF00CD4821 /* ASIHTTPRequest.m in Sources */,
				01B667AE1444B4CF00CD4821 /* ASIInputStream.m in Sources */,
				01B667AF1444B4CF00CD4821 /* ASINetworkQueue.m in Sources */,
				01B667B21444B4E000CD4821 /* Reachability.m in Sources */,
				01B667D61444BA9500CD4821 /* NSObject+SBJson.m in Sources */,
				01B667D71444BA9500CD4821 /* SBJsonParser.m in Sources */,
				01B667D81444BA9500CD4821 /* SBJsonStreamParser.m in Sources */,
				01B667D91444BA9500CD4821 /* SBJsonStreamParserAccumulator.m in Sources */,
				01B667DA1444BA9500CD4821 /* SBJsonStreamParserAdapter.m in Sources */,
				01B667DB1444BA9500CD4821 /* SBJsonStreamParserState.m in Sources */,
				01B667DC1444BA9500CD4821 /* SBJsonStreamWriter.m in Sources */,
				01B667DD1444BA9500CD4821 /* SBJsonStreamWriterAccumulator.m in Sources */,
				01B667DE1444BA9500CD4821 /* SBJsonStreamWriterState.m in Sources */,
				01B667DF1444BA9500CD4821 /* SBJsonTokeniser.m in Sources */,
				01B667E01444BA9500CD4821 /* SBJsonUTF8Stream.m in Sources */,
				01B667E11444BA9500CD4821 /* SBJsonWriter.m in Sources */,
				01021A851445053D002C3F59 /* NewItemViewController.m in Sources */,
				01021A9314452D7A002C3F59 /* AsyncImageView.m in Sources */,
			);
			runOnlyForDeploymentPostprocessing = 0;
		};
		01B6671114441D1C00CD4821 /* Sources */ = {
			isa = PBXSourcesBuildPhase;
			buildActionMask = 2147483647;
			files = (
				01B6672714441D1D00CD4821 /* BobsBurgersTests.m in Sources */,
			);
			runOnlyForDeploymentPostprocessing = 0;
		};
/* End PBXSourcesBuildPhase section */

/* Begin PBXTargetDependency section */
		01B6671D14441D1D00CD4821 /* PBXTargetDependency */ = {
			isa = PBXTargetDependency;
			target = 01B666F714441D1C00CD4821 /* BobsBurgers */;
			targetProxy = 01B6671C14441D1D00CD4821 /* PBXContainerItemProxy */;
		};
/* End PBXTargetDependency section */

/* Begin PBXVariantGroup section */
		01B6670514441D1C00CD4821 /* InfoPlist.strings */ = {
			isa = PBXVariantGroup;
			children = (
				01B6670614441D1C00CD4821 /* en */,
			);
			name = InfoPlist.strings;
			sourceTree = "<group>";
		};
		01B6670E14441D1C00CD4821 /* MainWindow.xib */ = {
			isa = PBXVariantGroup;
			children = (
				01B6670F14441D1C00CD4821 /* en */,
			);
			name = MainWindow.xib;
			sourceTree = "<group>";
		};
		01B6672114441D1D00CD4821 /* InfoPlist.strings */ = {
			isa = PBXVariantGroup;
			children = (
				01B6672214441D1D00CD4821 /* en */,
			);
			name = InfoPlist.strings;
			sourceTree = "<group>";
		};
/* End PBXVariantGroup section */

/* Begin XCBuildConfiguration section */
		01B6672814441D1D00CD4821 /* Debug */ = {
			isa = XCBuildConfiguration;
			buildSettings = {
				ALWAYS_SEARCH_USER_PATHS = NO;
				ARCHS = "$(ARCHS_UNIVERSAL_IPHONE_OS)";
				"CODE_SIGN_IDENTITY[sdk=iphoneos*]" = "iPhone Developer";
				COPY_PHASE_STRIP = NO;
				GCC_C_LANGUAGE_STANDARD = gnu99;
				GCC_DYNAMIC_NO_PIC = NO;
				GCC_OPTIMIZATION_LEVEL = 0;
				GCC_PREPROCESSOR_DEFINITIONS = (
					"DEBUG=1",
					"$(inherited)",
				);
				GCC_SYMBOLS_PRIVATE_EXTERN = NO;
				GCC_VERSION = com.apple.compilers.llvmgcc42;
				GCC_WARN_ABOUT_MISSING_PROTOTYPES = YES;
				GCC_WARN_ABOUT_RETURN_TYPE = YES;
				GCC_WARN_UNUSED_VARIABLE = YES;
				IPHONEOS_DEPLOYMENT_TARGET = 4.3;
				SDKROOT = iphoneos;
				TARGETED_DEVICE_FAMILY = 2;
			};
			name = Debug;
		};
		01B6672914441D1D00CD4821 /* Release */ = {
			isa = XCBuildConfiguration;
			buildSettings = {
				ALWAYS_SEARCH_USER_PATHS = NO;
				ARCHS = "$(ARCHS_UNIVERSAL_IPHONE_OS)";
				"CODE_SIGN_IDENTITY[sdk=iphoneos*]" = "iPhone Developer";
				COPY_PHASE_STRIP = YES;
				GCC_C_LANGUAGE_STANDARD = gnu99;
				GCC_VERSION = com.apple.compilers.llvmgcc42;
				GCC_WARN_ABOUT_MISSING_PROTOTYPES = YES;
				GCC_WARN_ABOUT_RETURN_TYPE = YES;
				GCC_WARN_UNUSED_VARIABLE = YES;
				IPHONEOS_DEPLOYMENT_TARGET = 4.3;
				OTHER_CFLAGS = "-DNS_BLOCK_ASSERTIONS=1";
				SDKROOT = iphoneos;
				TARGETED_DEVICE_FAMILY = 2;
				VALIDATE_PRODUCT = YES;
			};
			name = Release;
		};
		01B6672B14441D1D00CD4821 /* Debug */ = {
			isa = XCBuildConfiguration;
			buildSettings = {
				GCC_PRECOMPILE_PREFIX_HEADER = YES;
				GCC_PREFIX_HEADER = "BobsBurgers/BobsBurgers-Prefix.pch";
				INFOPLIST_FILE = "BobsBurgers/BobsBurgers-Info.plist";
				PRODUCT_NAME = "$(TARGET_NAME)";
				WRAPPER_EXTENSION = app;
			};
			name = Debug;
		};
		01B6672C14441D1D00CD4821 /* Release */ = {
			isa = XCBuildConfiguration;
			buildSettings = {
				GCC_PRECOMPILE_PREFIX_HEADER = YES;
				GCC_PREFIX_HEADER = "BobsBurgers/BobsBurgers-Prefix.pch";
				INFOPLIST_FILE = "BobsBurgers/BobsBurgers-Info.plist";
				PRODUCT_NAME = "$(TARGET_NAME)";
				WRAPPER_EXTENSION = app;
			};
			name = Release;
		};
		01B6672E14441D1D00CD4821 /* Debug */ = {
			isa = XCBuildConfiguration;
			buildSettings = {
				ARCHS = "$(ARCHS_STANDARD_32_BIT)";
				BUNDLE_LOADER = "$(BUILT_PRODUCTS_DIR)/BobsBurgers.app/BobsBurgers";
				FRAMEWORK_SEARCH_PATHS = (
					"$(SDKROOT)/Developer/Library/Frameworks",
					"$(DEVELOPER_LIBRARY_DIR)/Frameworks",
				);
				GCC_PRECOMPILE_PREFIX_HEADER = YES;
				GCC_PREFIX_HEADER = "BobsBurgers/BobsBurgers-Prefix.pch";
				INFOPLIST_FILE = "BobsBurgersTests/BobsBurgersTests-Info.plist";
				PRODUCT_NAME = "$(TARGET_NAME)";
				TEST_HOST = "$(BUNDLE_LOADER)";
				WRAPPER_EXTENSION = octest;
			};
			name = Debug;
		};
		01B6672F14441D1D00CD4821 /* Release */ = {
			isa = XCBuildConfiguration;
			buildSettings = {
				ARCHS = "$(ARCHS_STANDARD_32_BIT)";
				BUNDLE_LOADER = "$(BUILT_PRODUCTS_DIR)/BobsBurgers.app/BobsBurgers";
				FRAMEWORK_SEARCH_PATHS = (
					"$(SDKROOT)/Developer/Library/Frameworks",
					"$(DEVELOPER_LIBRARY_DIR)/Frameworks",
				);
				GCC_PRECOMPILE_PREFIX_HEADER = YES;
				GCC_PREFIX_HEADER = "BobsBurgers/BobsBurgers-Prefix.pch";
				INFOPLIST_FILE = "BobsBurgersTests/BobsBurgersTests-Info.plist";
				PRODUCT_NAME = "$(TARGET_NAME)";
				TEST_HOST = "$(BUNDLE_LOADER)";
				WRAPPER_EXTENSION = octest;
			};
			name = Release;
		};
/* End XCBuildConfiguration section */

/* Begin XCConfigurationList section */
		01B666F214441D1C00CD4821 /* Build configuration list for PBXProject "BobsBurgers" */ = {
			isa = XCConfigurationList;
			buildConfigurations = (
				01B6672814441D1D00CD4821 /* Debug */,
				01B6672914441D1D00CD4821 /* Release */,
			);
			defaultConfigurationIsVisible = 0;
			defaultConfigurationName = Release;
		};
		01B6672A14441D1D00CD4821 /* Build configuration list for PBXNativeTarget "BobsBurgers" */ = {
			isa = XCConfigurationList;
			buildConfigurations = (
				01B6672B14441D1D00CD4821 /* Debug */,
				01B6672C14441D1D00CD4821 /* Release */,
			);
			defaultConfigurationIsVisible = 0;
			defaultConfigurationName = Release;
		};
		01B6672D14441D1D00CD4821 /* Build configuration list for PBXNativeTarget "BobsBurgersTests" */ = {
			isa = XCConfigurationList;
			buildConfigurations = (
				01B6672E14441D1D00CD4821 /* Debug */,
				01B6672F14441D1D00CD4821 /* Release */,
			);
			defaultConfigurationIsVisible = 0;
			defaultConfigurationName = Release;
		};
/* End XCConfigurationList section */
	};
	rootObject = 01B666EF14441D1C00CD4821 /* Project object */;
}
